
Microsoft Visual Studio Solution File, Format Version 12.00
# Visual Studio Version 18
VisualStudioVersion = 18.5.11723.231 stable
MinimumVisualStudioVersion = 10.0.40219.1
Project("{E24C65DC-7377-472B-9ABA-BC803B73C61A}") = "ICEkalt", ".", "{79187F03-EDC0-4B46-ABE5-6659A42EBD70}"
	ProjectSection(WebsiteProperties) = preProject
		TargetFrameworkMoniker = ".NETFramework,Version%3Dv4.8"
		Debug.AspNetCompiler.VirtualPath = "/localhost_53405"
		Debug.AspNetCompiler.PhysicalPath = "..\ICEkalt\"
		Debug.AspNetCompiler.TargetPath = "PrecompiledWeb\localhost_53405\"
		Debug.AspNetCompiler.Updateable = "true"
		Debug.AspNetCompiler.ForceOverwrite = "true"
		Debug.AspNetCompiler.FixedNames = "false"
		Debug.AspNetCompiler.Debug = "True"
		Release.AspNetCompiler.VirtualPath = "/localhost_53405"
		Release.AspNetCompiler.PhysicalPath = "..\ICEkalt\"
		Release.AspNetCompiler.TargetPath = "PrecompiledWeb\localhost_53405\"
		Release.AspNetCompiler.Updateable = "true"
		Release.AspNetCompiler.ForceOverwrite = "true"
		Release.AspNetCompiler.FixedNames = "false"
		Release.AspNetCompiler.Debug = "False"
		VWDPort = "53405"
	EndProjectSection
EndProject
Global
	GlobalSection(SolutionConfigurationPlatforms) = preSolution
		Debug|Any CPU = Debug|Any CPU
	EndGlobalSection
	GlobalSection(ProjectConfigurationPlatforms) = postSolution
		{79187F03-EDC0-4B46-ABE5-6659A42EBD70}.Debug|Any CPU.ActiveCfg = Debug|Any CPU
		{79187F03-EDC0-4B46-ABE5-6659A42EBD70}.Debug|Any CPU.Build.0 = Debug|Any CPU
	EndGlobalSection
	GlobalSection(SolutionProperties) = preSolution
		HideSolutionNode = FALSE
	EndGlobalSection
	GlobalSection(ExtensibilityGlobals) = postSolution
		SolutionGuid = {6932C962-BDF3-4FB5-8D4A-AD500A9C1CCE}
	EndGlobalSection
EndGlobal
